// !$*UTF8*$!
{
	archiveVersion = 1;
	classes = {
	};
	objectVersion = 46;
	objects = {

/* Begin PBXBuildFile section */
		E7802CE51C3FCDFC00F747C3 /* ProductMonoidTests.swift in Sources */ = {isa = PBXBuildFile; fileRef = E7802CE41C3FCDFC00F747C3 /* ProductMonoidTests.swift */; };
		E7802CE71C3FD1D400F747C3 /* ArrayMonoid.swift in Sources */ = {isa = PBXBuildFile; fileRef = E7802CE61C3FD1D400F747C3 /* ArrayMonoid.swift */; };
		E7802CEA1C3FD25A00F747C3 /* StringMonoid.swift in Sources */ = {isa = PBXBuildFile; fileRef = E7802CE91C3FD25A00F747C3 /* StringMonoid.swift */; };
		E7802CEC1C3FD29600F747C3 /* OrderingMonoid.swift in Sources */ = {isa = PBXBuildFile; fileRef = E7802CEB1C3FD29600F747C3 /* OrderingMonoid.swift */; };
		E7802CEE1C3FD31800F747C3 /* SumMonoid.swift in Sources */ = {isa = PBXBuildFile; fileRef = E7802CED1C3FD31800F747C3 /* SumMonoid.swift */; };
		E7802CF01C3FD34400F747C3 /* ProductMonoid.swift in Sources */ = {isa = PBXBuildFile; fileRef = E7802CEF1C3FD34400F747C3 /* ProductMonoid.swift */; };
		E7802CF31C3FD96F00F747C3 /* SumMonoid.swift in Sources */ = {isa = PBXBuildFile; fileRef = E7802CED1C3FD31800F747C3 /* SumMonoid.swift */; };
		E7802CF41C3FD96F00F747C3 /* NumberType.swift in Sources */ = {isa = PBXBuildFile; fileRef = E78A83AF1C332B1F009C2425 /* NumberType.swift */; };
		E7802CF51C3FD96F00F747C3 /* ArrayMonoid.swift in Sources */ = {isa = PBXBuildFile; fileRef = E7802CE61C3FD1D400F747C3 /* ArrayMonoid.swift */; };
		E7802CF61C3FD96F00F747C3 /* id.swift in Sources */ = {isa = PBXBuildFile; fileRef = E78A83B31C332D33009C2425 /* id.swift */; };
		E7802CF71C3FD96F00F747C3 /* Orderable.swift in Sources */ = {isa = PBXBuildFile; fileRef = E78A83B61C3330D1009C2425 /* Orderable.swift */; };
		E7802CF81C3FD96F00F747C3 /* StringMonoid.swift in Sources */ = {isa = PBXBuildFile; fileRef = E7802CE91C3FD25A00F747C3 /* StringMonoid.swift */; };
		E7802CF91C3FD96F00F747C3 /* Monoid.swift in Sources */ = {isa = PBXBuildFile; fileRef = E78A83AD1C33293E009C2425 /* Monoid.swift */; };
		E7802CFA1C3FD96F00F747C3 /* mappend.swift in Sources */ = {isa = PBXBuildFile; fileRef = E78A83B81C333246009C2425 /* mappend.swift */; };
		E7802CFB1C3FD96F00F747C3 /* OrderingMonoid.swift in Sources */ = {isa = PBXBuildFile; fileRef = E7802CEB1C3FD29600F747C3 /* OrderingMonoid.swift */; };
		E7802CFC1C3FD96F00F747C3 /* ProductMonoid.swift in Sources */ = {isa = PBXBuildFile; fileRef = E7802CEF1C3FD34400F747C3 /* ProductMonoid.swift */; };
		E7802CFF1C3FD96F00F747C3 /* Monoid.h in Headers */ = {isa = PBXBuildFile; fileRef = E78A83961C332786009C2425 /* Monoid.h */; settings = {ATTRIBUTES = (Public, ); }; };
		E7802D251C3FDC5200F747C3 /* Monoid.framework in Frameworks */ = {isa = PBXBuildFile; fileRef = E7802D041C3FD96F00F747C3 /* Monoid.framework */; };
		E7802D2B1C3FDC7900F747C3 /* OrderableTests.swift in Sources */ = {isa = PBXBuildFile; fileRef = E78A83BD1C333B6C009C2425 /* OrderableTests.swift */; };
		E7802D2C1C3FDC7900F747C3 /* OrderingTests.swift in Sources */ = {isa = PBXBuildFile; fileRef = E78A83BB1C3337F8009C2425 /* OrderingTests.swift */; };
		E7802D2D1C3FDC7900F747C3 /* NumberTypeTests.swift in Sources */ = {isa = PBXBuildFile; fileRef = E78A83C81C341BB2009C2425 /* NumberTypeTests.swift */; };
		E7802D2E1C3FDC7900F747C3 /* OrderingMonoidTests.swift in Sources */ = {isa = PBXBuildFile; fileRef = E78A83BF1C33DA8F009C2425 /* OrderingMonoidTests.swift */; };
		E7802D2F1C3FDC7900F747C3 /* ArrayMonoidTests.swift in Sources */ = {isa = PBXBuildFile; fileRef = E78A83C11C33DDD8009C2425 /* ArrayMonoidTests.swift */; };
		E7802D301C3FDC7900F747C3 /* StringMonoidTests.swift in Sources */ = {isa = PBXBuildFile; fileRef = E78A83C31C33E209009C2425 /* StringMonoidTests.swift */; };
		E7802D311C3FDC7900F747C3 /* SumMonoidTests.swift in Sources */ = {isa = PBXBuildFile; fileRef = E79F03281C34575800ECA921 /* SumMonoidTests.swift */; };
		E7802D321C3FDC7900F747C3 /* ProductMonoidTests.swift in Sources */ = {isa = PBXBuildFile; fileRef = E7802CE41C3FCDFC00F747C3 /* ProductMonoidTests.swift */; };
		E78A83971C332786009C2425 /* Monoid.h in Headers */ = {isa = PBXBuildFile; fileRef = E78A83961C332786009C2425 /* Monoid.h */; settings = {ATTRIBUTES = (Public, ); }; };
		E78A839E1C332786009C2425 /* Monoid.framework in Frameworks */ = {isa = PBXBuildFile; fileRef = E78A83931C332786009C2425 /* Monoid.framework */; };
		E78A83AE1C33293E009C2425 /* Monoid.swift in Sources */ = {isa = PBXBuildFile; fileRef = E78A83AD1C33293E009C2425 /* Monoid.swift */; };
		E78A83B01C332B1F009C2425 /* NumberType.swift in Sources */ = {isa = PBXBuildFile; fileRef = E78A83AF1C332B1F009C2425 /* NumberType.swift */; };
		E78A83B41C332D33009C2425 /* id.swift in Sources */ = {isa = PBXBuildFile; fileRef = E78A83B31C332D33009C2425 /* id.swift */; };
		E78A83B71C3330D1009C2425 /* Orderable.swift in Sources */ = {isa = PBXBuildFile; fileRef = E78A83B61C3330D1009C2425 /* Orderable.swift */; };
		E78A83B91C333246009C2425 /* mappend.swift in Sources */ = {isa = PBXBuildFile; fileRef = E78A83B81C333246009C2425 /* mappend.swift */; };
		E78A83BC1C3337F8009C2425 /* OrderingTests.swift in Sources */ = {isa = PBXBuildFile; fileRef = E78A83BB1C3337F8009C2425 /* OrderingTests.swift */; };
		E78A83BE1C333B6C009C2425 /* OrderableTests.swift in Sources */ = {isa = PBXBuildFile; fileRef = E78A83BD1C333B6C009C2425 /* OrderableTests.swift */; };
		E78A83C01C33DA8F009C2425 /* OrderingMonoidTests.swift in Sources */ = {isa = PBXBuildFile; fileRef = E78A83BF1C33DA8F009C2425 /* OrderingMonoidTests.swift */; };
		E78A83C21C33DDD8009C2425 /* ArrayMonoidTests.swift in Sources */ = {isa = PBXBuildFile; fileRef = E78A83C11C33DDD8009C2425 /* ArrayMonoidTests.swift */; };
		E78A83C41C33E209009C2425 /* StringMonoidTests.swift in Sources */ = {isa = PBXBuildFile; fileRef = E78A83C31C33E209009C2425 /* StringMonoidTests.swift */; };
		E78A83C91C341BB2009C2425 /* NumberTypeTests.swift in Sources */ = {isa = PBXBuildFile; fileRef = E78A83C81C341BB2009C2425 /* NumberTypeTests.swift */; };
		E79F03291C34575800ECA921 /* SumMonoidTests.swift in Sources */ = {isa = PBXBuildFile; fileRef = E79F03281C34575800ECA921 /* SumMonoidTests.swift */; };
/* End PBXBuildFile section */

/* Begin PBXContainerItemProxy section */
		E7802D261C3FDC5200F747C3 /* PBXContainerItemProxy */ = {
			isa = PBXContainerItemProxy;
			containerPortal = E78A838A1C332786009C2425 /* Project object */;
			proxyType = 1;
			remoteGlobalIDString = E7802CF11C3FD96F00F747C3;
			remoteInfo = "Monoid-iOS";
		};
		E78A839F1C332786009C2425 /* PBXContainerItemProxy */ = {
			isa = PBXContainerItemProxy;
			containerPortal = E78A838A1C332786009C2425 /* Project object */;
			proxyType = 1;
			remoteGlobalIDString = E78A83921C332786009C2425;
			remoteInfo = Monoid;
		};
/* End PBXContainerItemProxy section */

/* Begin PBXFileReference section */
		E7802CE41C3FCDFC00F747C3 /* ProductMonoidTests.swift */ = {isa = PBXFileReference; fileEncoding = 4; lastKnownFileType = sourcecode.swift; path = ProductMonoidTests.swift; sourceTree = "<group>"; };
		E7802CE61C3FD1D400F747C3 /* ArrayMonoid.swift */ = {isa = PBXFileReference; fileEncoding = 4; lastKnownFileType = sourcecode.swift; name = ArrayMonoid.swift; path = Monoids/ArrayMonoid.swift; sourceTree = "<group>"; };
		E7802CE91C3FD25A00F747C3 /* StringMonoid.swift */ = {isa = PBXFileReference; fileEncoding = 4; lastKnownFileType = sourcecode.swift; name = StringMonoid.swift; path = Monoids/StringMonoid.swift; sourceTree = "<group>"; };
		E7802CEB1C3FD29600F747C3 /* OrderingMonoid.swift */ = {isa = PBXFileReference; fileEncoding = 4; lastKnownFileType = sourcecode.swift; name = OrderingMonoid.swift; path = Monoids/OrderingMonoid.swift; sourceTree = "<group>"; };
		E7802CED1C3FD31800F747C3 /* SumMonoid.swift */ = {isa = PBXFileReference; fileEncoding = 4; lastKnownFileType = sourcecode.swift; name = SumMonoid.swift; path = Monoids/SumMonoid.swift; sourceTree = "<group>"; };
		E7802CEF1C3FD34400F747C3 /* ProductMonoid.swift */ = {isa = PBXFileReference; fileEncoding = 4; lastKnownFileType = sourcecode.swift; name = ProductMonoid.swift; path = Monoids/ProductMonoid.swift; sourceTree = "<group>"; };
		E7802D041C3FD96F00F747C3 /* Monoid.framework */ = {isa = PBXFileReference; explicitFileType = wrapper.framework; includeInIndex = 0; path = Monoid.framework; sourceTree = BUILT_PRODUCTS_DIR; };
		E7802D201C3FDC5200F747C3 /* MonoidTests-iOS.xctest */ = {isa = PBXFileReference; explicitFileType = wrapper.cfbundle; includeInIndex = 0; path = "MonoidTests-iOS.xctest"; sourceTree = BUILT_PRODUCTS_DIR; };
		E78A83931C332786009C2425 /* Monoid.framework */ = {isa = PBXFileReference; explicitFileType = wrapper.framework; includeInIndex = 0; path = Monoid.framework; sourceTree = BUILT_PRODUCTS_DIR; };
		E78A83961C332786009C2425 /* Monoid.h */ = {isa = PBXFileReference; lastKnownFileType = sourcecode.c.h; path = Monoid.h; sourceTree = "<group>"; };
		E78A83981C332786009C2425 /* Info.plist */ = {isa = PBXFileReference; lastKnownFileType = text.plist.xml; path = Info.plist; sourceTree = "<group>"; };
		E78A839D1C332786009C2425 /* MonoidTests-Mac.xctest */ = {isa = PBXFileReference; explicitFileType = wrapper.cfbundle; includeInIndex = 0; path = "MonoidTests-Mac.xctest"; sourceTree = BUILT_PRODUCTS_DIR; };
		E78A83A41C332786009C2425 /* Info.plist */ = {isa = PBXFileReference; lastKnownFileType = text.plist.xml; path = Info.plist; sourceTree = "<group>"; };
		E78A83AD1C33293E009C2425 /* Monoid.swift */ = {isa = PBXFileReference; fileEncoding = 4; lastKnownFileType = sourcecode.swift; name = Monoid.swift; path = Types/Monoid.swift; sourceTree = "<group>"; };
		E78A83AF1C332B1F009C2425 /* NumberType.swift */ = {isa = PBXFileReference; fileEncoding = 4; lastKnownFileType = sourcecode.swift; name = NumberType.swift; path = Types/NumberType.swift; sourceTree = "<group>"; };
		E78A83B31C332D33009C2425 /* id.swift */ = {isa = PBXFileReference; fileEncoding = 4; lastKnownFileType = sourcecode.swift; name = id.swift; path = Functions/id.swift; sourceTree = "<group>"; };
		E78A83B61C3330D1009C2425 /* Orderable.swift */ = {isa = PBXFileReference; fileEncoding = 4; lastKnownFileType = sourcecode.swift; name = Orderable.swift; path = Types/Orderable.swift; sourceTree = "<group>"; };
		E78A83B81C333246009C2425 /* mappend.swift */ = {isa = PBXFileReference; fileEncoding = 4; lastKnownFileType = sourcecode.swift; name = mappend.swift; path = Operators/mappend.swift; sourceTree = "<group>"; };
		E78A83BB1C3337F8009C2425 /* OrderingTests.swift */ = {isa = PBXFileReference; fileEncoding = 4; lastKnownFileType = sourcecode.swift; path = OrderingTests.swift; sourceTree = "<group>"; };
		E78A83BD1C333B6C009C2425 /* OrderableTests.swift */ = {isa = PBXFileReference; fileEncoding = 4; lastKnownFileType = sourcecode.swift; path = OrderableTests.swift; sourceTree = "<group>"; };
		E78A83BF1C33DA8F009C2425 /* OrderingMonoidTests.swift */ = {isa = PBXFileReference; fileEncoding = 4; lastKnownFileType = sourcecode.swift; path = OrderingMonoidTests.swift; sourceTree = "<group>"; };
		E78A83C11C33DDD8009C2425 /* ArrayMonoidTests.swift */ = {isa = PBXFileReference; fileEncoding = 4; lastKnownFileType = sourcecode.swift; path = ArrayMonoidTests.swift; sourceTree = "<group>"; };
		E78A83C31C33E209009C2425 /* StringMonoidTests.swift */ = {isa = PBXFileReference; fileEncoding = 4; lastKnownFileType = sourcecode.swift; path = StringMonoidTests.swift; sourceTree = "<group>"; };
		E78A83C81C341BB2009C2425 /* NumberTypeTests.swift */ = {isa = PBXFileReference; fileEncoding = 4; lastKnownFileType = sourcecode.swift; path = NumberTypeTests.swift; sourceTree = "<group>"; };
		E79F03281C34575800ECA921 /* SumMonoidTests.swift */ = {isa = PBXFileReference; fileEncoding = 4; lastKnownFileType = sourcecode.swift; path = SumMonoidTests.swift; sourceTree = "<group>"; };
/* End PBXFileReference section */

/* Begin PBXFrameworksBuildPhase section */
		E7802CFD1C3FD96F00F747C3 /* Frameworks */ = {
			isa = PBXFrameworksBuildPhase;
			buildActionMask = 2147483647;
			files = (
			);
			runOnlyForDeploymentPostprocessing = 0;
		};
		E7802D1D1C3FDC5200F747C3 /* Frameworks */ = {
			isa = PBXFrameworksBuildPhase;
			buildActionMask = 2147483647;
			files = (
				E7802D251C3FDC5200F747C3 /* Monoid.framework in Frameworks */,
			);
			runOnlyForDeploymentPostprocessing = 0;
		};
		E78A838F1C332786009C2425 /* Frameworks */ = {
			isa = PBXFrameworksBuildPhase;
			buildActionMask = 2147483647;
			files = (
			);
			runOnlyForDeploymentPostprocessing = 0;
		};
		E78A839A1C332786009C2425 /* Frameworks */ = {
			isa = PBXFrameworksBuildPhase;
			buildActionMask = 2147483647;
			files = (
				E78A839E1C332786009C2425 /* Monoid.framework in Frameworks */,
			);
			runOnlyForDeploymentPostprocessing = 0;
		};
/* End PBXFrameworksBuildPhase section */

/* Begin PBXGroup section */
		E7802CE81C3FD1E200F747C3 /* Monoids */ = {
			isa = PBXGroup;
			children = (
				E7802CE61C3FD1D400F747C3 /* ArrayMonoid.swift */,
				E7802CE91C3FD25A00F747C3 /* StringMonoid.swift */,
				E7802CEB1C3FD29600F747C3 /* OrderingMonoid.swift */,
				E7802CED1C3FD31800F747C3 /* SumMonoid.swift */,
				E7802CEF1C3FD34400F747C3 /* ProductMonoid.swift */,
			);
			name = Monoids;
			sourceTree = "<group>";
		};
		E78A83891C332786009C2425 = {
			isa = PBXGroup;
			children = (
				E78A83951C332786009C2425 /* Monoid */,
				E78A83A11C332786009C2425 /* MonoidTests */,
				E78A83941C332786009C2425 /* Products */,
			);
			sourceTree = "<group>";
		};
		E78A83941C332786009C2425 /* Products */ = {
			isa = PBXGroup;
			children = (
				E78A83931C332786009C2425 /* Monoid.framework */,
				E78A839D1C332786009C2425 /* MonoidTests-Mac.xctest */,
				E7802D041C3FD96F00F747C3 /* Monoid.framework */,
				E7802D201C3FDC5200F747C3 /* MonoidTests-iOS.xctest */,
			);
			name = Products;
			sourceTree = "<group>";
		};
		E78A83951C332786009C2425 /* Monoid */ = {
			isa = PBXGroup;
			children = (
				E78A83B21C332CBE009C2425 /* Types */,
				E78A83B51C332D5B009C2425 /* Functions */,
				E78A83BA1C333251009C2425 /* Operators */,
				E78A83B11C332C98009C2425 /* Supporting Files */,
			);
			path = Monoid;
			sourceTree = "<group>";
		};
		E78A83A11C332786009C2425 /* MonoidTests */ = {
			isa = PBXGroup;
			children = (
				E78A83BD1C333B6C009C2425 /* OrderableTests.swift */,
				E78A83BB1C3337F8009C2425 /* OrderingTests.swift */,
				E78A83C81C341BB2009C2425 /* NumberTypeTests.swift */,
				E78A83BF1C33DA8F009C2425 /* OrderingMonoidTests.swift */,
				E78A83C11C33DDD8009C2425 /* ArrayMonoidTests.swift */,
				E78A83C31C33E209009C2425 /* StringMonoidTests.swift */,
				E79F03281C34575800ECA921 /* SumMonoidTests.swift */,
				E7802CE41C3FCDFC00F747C3 /* ProductMonoidTests.swift */,
				E78A83A41C332786009C2425 /* Info.plist */,
			);
			path = MonoidTests;
			sourceTree = "<group>";
		};
		E78A83B11C332C98009C2425 /* Supporting Files */ = {
			isa = PBXGroup;
			children = (
				E78A83961C332786009C2425 /* Monoid.h */,
				E78A83981C332786009C2425 /* Info.plist */,
			);
			name = "Supporting Files";
			sourceTree = "<group>";
		};
		E78A83B21C332CBE009C2425 /* Types */ = {
			isa = PBXGroup;
			children = (
				E78A83AD1C33293E009C2425 /* Monoid.swift */,
				E78A83AF1C332B1F009C2425 /* NumberType.swift */,
				E78A83B61C3330D1009C2425 /* Orderable.swift */,
				E7802CE81C3FD1E200F747C3 /* Monoids */,
			);
			name = Types;
			sourceTree = "<group>";
		};
		E78A83B51C332D5B009C2425 /* Functions */ = {
			isa = PBXGroup;
			children = (
				E78A83B31C332D33009C2425 /* id.swift */,
			);
			name = Functions;
			sourceTree = "<group>";
		};
		E78A83BA1C333251009C2425 /* Operators */ = {
			isa = PBXGroup;
			children = (
				E78A83B81C333246009C2425 /* mappend.swift */,
			);
			name = Operators;
			sourceTree = "<group>";
		};
/* End PBXGroup section */

/* Begin PBXHeadersBuildPhase section */
		E7802CFE1C3FD96F00F747C3 /* Headers */ = {
			isa = PBXHeadersBuildPhase;
			buildActionMask = 2147483647;
			files = (
				E7802CFF1C3FD96F00F747C3 /* Monoid.h in Headers */,
			);
			runOnlyForDeploymentPostprocessing = 0;
		};
		E78A83901C332786009C2425 /* Headers */ = {
			isa = PBXHeadersBuildPhase;
			buildActionMask = 2147483647;
			files = (
				E78A83971C332786009C2425 /* Monoid.h in Headers */,
			);
			runOnlyForDeploymentPostprocessing = 0;
		};
/* End PBXHeadersBuildPhase section */

/* Begin PBXNativeTarget section */
		E7802CF11C3FD96F00F747C3 /* Monoid-iOS */ = {
			isa = PBXNativeTarget;
			buildConfigurationList = E7802D011C3FD96F00F747C3 /* Build configuration list for PBXNativeTarget "Monoid-iOS" */;
			buildPhases = (
				E7802CF21C3FD96F00F747C3 /* Sources */,
				E7802CFD1C3FD96F00F747C3 /* Frameworks */,
				E7802CFE1C3FD96F00F747C3 /* Headers */,
				E7802D001C3FD96F00F747C3 /* Resources */,
			);
			buildRules = (
			);
			dependencies = (
			);
			name = "Monoid-iOS";
			productName = Monoid;
			productReference = E7802D041C3FD96F00F747C3 /* Monoid.framework */;
			productType = "com.apple.product-type.framework";
		};
		E7802D1F1C3FDC5200F747C3 /* MonoidTests-iOS */ = {
			isa = PBXNativeTarget;
			buildConfigurationList = E7802D281C3FDC5200F747C3 /* Build configuration list for PBXNativeTarget "MonoidTests-iOS" */;
			buildPhases = (
				E7802D1C1C3FDC5200F747C3 /* Sources */,
				E7802D1D1C3FDC5200F747C3 /* Frameworks */,
				E7802D1E1C3FDC5200F747C3 /* Resources */,
			);
			buildRules = (
			);
			dependencies = (
				E7802D271C3FDC5200F747C3 /* PBXTargetDependency */,
			);
			name = "MonoidTests-iOS";
			productName = "MonoidTests-iOS";
			productReference = E7802D201C3FDC5200F747C3 /* MonoidTests-iOS.xctest */;
			productType = "com.apple.product-type.bundle.unit-test";
		};
		E78A83921C332786009C2425 /* Monoid-Mac */ = {
			isa = PBXNativeTarget;
			buildConfigurationList = E78A83A71C332786009C2425 /* Build configuration list for PBXNativeTarget "Monoid-Mac" */;
			buildPhases = (
				E78A838E1C332786009C2425 /* Sources */,
				E78A838F1C332786009C2425 /* Frameworks */,
				E78A83901C332786009C2425 /* Headers */,
				E78A83911C332786009C2425 /* Resources */,
			);
			buildRules = (
			);
			dependencies = (
			);
			name = "Monoid-Mac";
			productName = Monoid;
			productReference = E78A83931C332786009C2425 /* Monoid.framework */;
			productType = "com.apple.product-type.framework";
		};
		E78A839C1C332786009C2425 /* MonoidTests-Mac */ = {
			isa = PBXNativeTarget;
			buildConfigurationList = E78A83AA1C332786009C2425 /* Build configuration list for PBXNativeTarget "MonoidTests-Mac" */;
			buildPhases = (
				E78A83991C332786009C2425 /* Sources */,
				E78A839A1C332786009C2425 /* Frameworks */,
				E78A839B1C332786009C2425 /* Resources */,
			);
			buildRules = (
			);
			dependencies = (
				E78A83A01C332786009C2425 /* PBXTargetDependency */,
			);
			name = "MonoidTests-Mac";
			productName = MonoidTests;
			productReference = E78A839D1C332786009C2425 /* MonoidTests-Mac.xctest */;
			productType = "com.apple.product-type.bundle.unit-test";
		};
/* End PBXNativeTarget section */

/* Begin PBXProject section */
		E78A838A1C332786009C2425 /* Project object */ = {
			isa = PBXProject;
			attributes = {
				LastSwiftUpdateCheck = 0720;
				LastUpgradeCheck = 0720;
				ORGANIZATIONNAME = "Al Skipp";
				TargetAttributes = {
					E7802D1F1C3FDC5200F747C3 = {
						CreatedOnToolsVersion = 7.2;
					};
					E78A83921C332786009C2425 = {
						CreatedOnToolsVersion = 7.2;
					};
					E78A839C1C332786009C2425 = {
						CreatedOnToolsVersion = 7.2;
					};
				};
			};
			buildConfigurationList = E78A838D1C332786009C2425 /* Build configuration list for PBXProject "Monoid" */;
			compatibilityVersion = "Xcode 3.2";
			developmentRegion = English;
			hasScannedForEncodings = 0;
			knownRegions = (
				en,
			);
			mainGroup = E78A83891C332786009C2425;
			productRefGroup = E78A83941C332786009C2425 /* Products */;
			projectDirPath = "";
			projectRoot = "";
			targets = (
				E78A83921C332786009C2425 /* Monoid-Mac */,
				E78A839C1C332786009C2425 /* MonoidTests-Mac */,
				E7802CF11C3FD96F00F747C3 /* Monoid-iOS */,
				E7802D1F1C3FDC5200F747C3 /* MonoidTests-iOS */,
			);
		};
/* End PBXProject section */

/* Begin PBXResourcesBuildPhase section */
		E7802D001C3FD96F00F747C3 /* Resources */ = {
			isa = PBXResourcesBuildPhase;
			buildActionMask = 2147483647;
			files = (
			);
			runOnlyForDeploymentPostprocessing = 0;
		};
		E7802D1E1C3FDC5200F747C3 /* Resources */ = {
			isa = PBXResourcesBuildPhase;
			buildActionMask = 2147483647;
			files = (
			);
			runOnlyForDeploymentPostprocessing = 0;
		};
		E78A83911C332786009C2425 /* Resources */ = {
			isa = PBXResourcesBuildPhase;
			buildActionMask = 2147483647;
			files = (
			);
			runOnlyForDeploymentPostprocessing = 0;
		};
		E78A839B1C332786009C2425 /* Resources */ = {
			isa = PBXResourcesBuildPhase;
			buildActionMask = 2147483647;
			files = (
			);
			runOnlyForDeploymentPostprocessing = 0;
		};
/* End PBXResourcesBuildPhase section */

/* Begin PBXSourcesBuildPhase section */
		E7802CF21C3FD96F00F747C3 /* Sources */ = {
			isa = PBXSourcesBuildPhase;
			buildActionMask = 2147483647;
			files = (
				E7802CF31C3FD96F00F747C3 /* SumMonoid.swift in Sources */,
				E7802CF41C3FD96F00F747C3 /* NumberType.swift in Sources */,
				E7802CF51C3FD96F00F747C3 /* ArrayMonoid.swift in Sources */,
				E7802CF61C3FD96F00F747C3 /* id.swift in Sources */,
				E7802CF71C3FD96F00F747C3 /* Orderable.swift in Sources */,
				E7802CF81C3FD96F00F747C3 /* StringMonoid.swift in Sources */,
				E7802CF91C3FD96F00F747C3 /* Monoid.swift in Sources */,
				E7802CFA1C3FD96F00F747C3 /* mappend.swift in Sources */,
				E7802CFB1C3FD96F00F747C3 /* OrderingMonoid.swift in Sources */,
				E7802CFC1C3FD96F00F747C3 /* ProductMonoid.swift in Sources */,
			);
			runOnlyForDeploymentPostprocessing = 0;
		};
		E7802D1C1C3FDC5200F747C3 /* Sources */ = {
			isa = PBXSourcesBuildPhase;
			buildActionMask = 2147483647;
			files = (
				E7802D2B1C3FDC7900F747C3 /* OrderableTests.swift in Sources */,
				E7802D2C1C3FDC7900F747C3 /* OrderingTests.swift in Sources */,
				E7802D2D1C3FDC7900F747C3 /* NumberTypeTests.swift in Sources */,
				E7802D2E1C3FDC7900F747C3 /* OrderingMonoidTests.swift in Sources */,
				E7802D2F1C3FDC7900F747C3 /* ArrayMonoidTests.swift in Sources */,
				E7802D301C3FDC7900F747C3 /* StringMonoidTests.swift in Sources */,
				E7802D311C3FDC7900F747C3 /* SumMonoidTests.swift in Sources */,
				E7802D321C3FDC7900F747C3 /* ProductMonoidTests.swift in Sources */,
			);
			runOnlyForDeploymentPostprocessing = 0;
		};
		E78A838E1C332786009C2425 /* Sources */ = {
			isa = PBXSourcesBuildPhase;
			buildActionMask = 2147483647;
			files = (
				E7802CEE1C3FD31800F747C3 /* SumMonoid.swift in Sources */,
				E78A83B01C332B1F009C2425 /* NumberType.swift in Sources */,
				E7802CE71C3FD1D400F747C3 /* ArrayMonoid.swift in Sources */,
				E78A83B41C332D33009C2425 /* id.swift in Sources */,
				E78A83B71C3330D1009C2425 /* Orderable.swift in Sources */,
				E7802CEA1C3FD25A00F747C3 /* StringMonoid.swift in Sources */,
				E78A83AE1C33293E009C2425 /* Monoid.swift in Sources */,
				E78A83B91C333246009C2425 /* mappend.swift in Sources */,
				E7802CEC1C3FD29600F747C3 /* OrderingMonoid.swift in Sources */,
				E7802CF01C3FD34400F747C3 /* ProductMonoid.swift in Sources */,
			);
			runOnlyForDeploymentPostprocessing = 0;
		};
		E78A83991C332786009C2425 /* Sources */ = {
			isa = PBXSourcesBuildPhase;
			buildActionMask = 2147483647;
			files = (
				E78A83BE1C333B6C009C2425 /* OrderableTests.swift in Sources */,
				E79F03291C34575800ECA921 /* SumMonoidTests.swift in Sources */,
				E78A83C21C33DDD8009C2425 /* ArrayMonoidTests.swift in Sources */,
				E78A83BC1C3337F8009C2425 /* OrderingTests.swift in Sources */,
				E78A83C41C33E209009C2425 /* StringMonoidTests.swift in Sources */,
				E7802CE51C3FCDFC00F747C3 /* ProductMonoidTests.swift in Sources */,
				E78A83C91C341BB2009C2425 /* NumberTypeTests.swift in Sources */,
				E78A83C01C33DA8F009C2425 /* OrderingMonoidTests.swift in Sources */,
			);
			runOnlyForDeploymentPostprocessing = 0;
		};
/* End PBXSourcesBuildPhase section */

/* Begin PBXTargetDependency section */
		E7802D271C3FDC5200F747C3 /* PBXTargetDependency */ = {
			isa = PBXTargetDependency;
			target = E7802CF11C3FD96F00F747C3 /* Monoid-iOS */;
			targetProxy = E7802D261C3FDC5200F747C3 /* PBXContainerItemProxy */;
		};
		E78A83A01C332786009C2425 /* PBXTargetDependency */ = {
			isa = PBXTargetDependency;
			target = E78A83921C332786009C2425 /* Monoid-Mac */;
			targetProxy = E78A839F1C332786009C2425 /* PBXContainerItemProxy */;
		};
/* End PBXTargetDependency section */

/* Begin XCBuildConfiguration section */
		E7802D021C3FD96F00F747C3 /* Debug */ = {
			isa = XCBuildConfiguration;
			buildSettings = {
				CLANG_ENABLE_MODULES = YES;
				COMBINE_HIDPI_IMAGES = YES;
				DEFINES_MODULE = YES;
				DYLIB_COMPATIBILITY_VERSION = 1;
				DYLIB_CURRENT_VERSION = 1;
				DYLIB_INSTALL_NAME_BASE = "@rpath";
				FRAMEWORK_VERSION = A;
				INFOPLIST_FILE = Monoid/Info.plist;
				INSTALL_PATH = "$(LOCAL_LIBRARY_DIR)/Frameworks";
				LD_RUNPATH_SEARCH_PATHS = "$(inherited) @executable_path/../Frameworks @loader_path/Frameworks";
				PRODUCT_BUNDLE_IDENTIFIER = com.alskipp.Monoid;
				PRODUCT_NAME = Monoid;
				SDKROOT = iphoneos;
				SKIP_INSTALL = YES;
				SWIFT_OPTIMIZATION_LEVEL = "-Onone";
			};
			name = Debug;
		};
		E7802D031C3FD96F00F747C3 /* Release */ = {
			isa = XCBuildConfiguration;
			buildSettings = {
				CLANG_ENABLE_MODULES = YES;
				COMBINE_HIDPI_IMAGES = YES;
				DEFINES_MODULE = YES;
				DYLIB_COMPATIBILITY_VERSION = 1;
				DYLIB_CURRENT_VERSION = 1;
				DYLIB_INSTALL_NAME_BASE = "@rpath";
				FRAMEWORK_VERSION = A;
				INFOPLIST_FILE = Monoid/Info.plist;
				INSTALL_PATH = "$(LOCAL_LIBRARY_DIR)/Frameworks";
				LD_RUNPATH_SEARCH_PATHS = "$(inherited) @executable_path/../Frameworks @loader_path/Frameworks";
				PRODUCT_BUNDLE_IDENTIFIER = com.alskipp.Monoid;
				PRODUCT_NAME = Monoid;
				SDKROOT = iphoneos;
				SKIP_INSTALL = YES;
			};
			name = Release;
		};
		E7802D291C3FDC5200F747C3 /* Debug */ = {
			isa = XCBuildConfiguration;
			buildSettings = {
				"CODE_SIGN_IDENTITY[sdk=iphoneos*]" = "iPhone Developer";
				INFOPLIST_FILE = MonoidTests/Info.plist;
				IPHONEOS_DEPLOYMENT_TARGET = 9.2;
				LD_RUNPATH_SEARCH_PATHS = "$(inherited) @executable_path/Frameworks @loader_path/Frameworks";
				PRODUCT_BUNDLE_IDENTIFIER = "com.alskipp.MonoidTests-iOS";
				PRODUCT_NAME = "$(TARGET_NAME)";
				SDKROOT = iphoneos;
			};
			name = Debug;
		};
		E7802D2A1C3FDC5200F747C3 /* Release */ = {
			isa = XCBuildConfiguration;
			buildSettings = {
				"CODE_SIGN_IDENTITY[sdk=iphoneos*]" = "iPhone Developer";
				INFOPLIST_FILE = MonoidTests/Info.plist;
				IPHONEOS_DEPLOYMENT_TARGET = 9.2;
				LD_RUNPATH_SEARCH_PATHS = "$(inherited) @executable_path/Frameworks @loader_path/Frameworks";
				PRODUCT_BUNDLE_IDENTIFIER = "com.alskipp.MonoidTests-iOS";
				PRODUCT_NAME = "$(TARGET_NAME)";
				SDKROOT = iphoneos;
				VALIDATE_PRODUCT = YES;
			};
			name = Release;
		};
		E78A83A51C332786009C2425 /* Debug */ = {
			isa = XCBuildConfiguration;
			buildSettings = {
				ALWAYS_SEARCH_USER_PATHS = NO;
				CLANG_CXX_LANGUAGE_STANDARD = "gnu++0x";
				CLANG_CXX_LIBRARY = "libc++";
				CLANG_ENABLE_MODULES = YES;
				CLANG_ENABLE_OBJC_ARC = YES;
				CLANG_WARN_BOOL_CONVERSION = YES;
				CLANG_WARN_CONSTANT_CONVERSION = YES;
				CLANG_WARN_DIRECT_OBJC_ISA_USAGE = YES_ERROR;
				CLANG_WARN_EMPTY_BODY = YES;
				CLANG_WARN_ENUM_CONVERSION = YES;
				CLANG_WARN_INT_CONVERSION = YES;
				CLANG_WARN_OBJC_ROOT_CLASS = YES_ERROR;
				CLANG_WARN_UNREACHABLE_CODE = YES;
				CLANG_WARN__DUPLICATE_METHOD_MATCH = YES;
				CODE_SIGN_IDENTITY = "-";
				COPY_PHASE_STRIP = NO;
				CURRENT_PROJECT_VERSION = 1;
				DEBUG_INFORMATION_FORMAT = dwarf;
				ENABLE_STRICT_OBJC_MSGSEND = YES;
				ENABLE_TESTABILITY = YES;
				GCC_C_LANGUAGE_STANDARD = gnu99;
				GCC_DYNAMIC_NO_PIC = NO;
				GCC_NO_COMMON_BLOCKS = YES;
				GCC_OPTIMIZATION_LEVEL = 0;
				GCC_PREPROCESSOR_DEFINITIONS = (
					"DEBUG=1",
					"$(inherited)",
				);
				GCC_WARN_64_TO_32_BIT_CONVERSION = YES;
				GCC_WARN_ABOUT_RETURN_TYPE = YES_ERROR;
				GCC_WARN_UNDECLARED_SELECTOR = YES;
				GCC_WARN_UNINITIALIZED_AUTOS = YES_AGGRESSIVE;
				GCC_WARN_UNUSED_FUNCTION = YES;
				GCC_WARN_UNUSED_VARIABLE = YES;
				MACOSX_DEPLOYMENT_TARGET = 10.10;
				MTL_ENABLE_DEBUG_INFO = YES;
				ONLY_ACTIVE_ARCH = YES;
				SDKROOT = macosx;
				SWIFT_OPTIMIZATION_LEVEL = "-Onone";
				VERSIONING_SYSTEM = "apple-generic";
				VERSION_INFO_PREFIX = "";
			};
			name = Debug;
		};
		E78A83A61C332786009C2425 /* Release */ = {
			isa = XCBuildConfiguration;
			buildSettings = {
				ALWAYS_SEARCH_USER_PATHS = NO;
				CLANG_CXX_LANGUAGE_STANDARD = "gnu++0x";
				CLANG_CXX_LIBRARY = "libc++";
				CLANG_ENABLE_MODULES = YES;
				CLANG_ENABLE_OBJC_ARC = YES;
				CLANG_WARN_BOOL_CONVERSION = YES;
				CLANG_WARN_CONSTANT_CONVERSION = YES;
				CLANG_WARN_DIRECT_OBJC_ISA_USAGE = YES_ERROR;
				CLANG_WARN_EMPTY_BODY = YES;
				CLANG_WARN_ENUM_CONVERSION = YES;
				CLANG_WARN_INT_CONVERSION = YES;
				CLANG_WARN_OBJC_ROOT_CLASS = YES_ERROR;
				CLANG_WARN_UNREACHABLE_CODE = YES;
				CLANG_WARN__DUPLICATE_METHOD_MATCH = YES;
				CODE_SIGN_IDENTITY = "-";
				COPY_PHASE_STRIP = NO;
				CURRENT_PROJECT_VERSION = 1;
				DEBUG_INFORMATION_FORMAT = "dwarf-with-dsym";
				ENABLE_NS_ASSERTIONS = NO;
				ENABLE_STRICT_OBJC_MSGSEND = YES;
				GCC_C_LANGUAGE_STANDARD = gnu99;
				GCC_NO_COMMON_BLOCKS = YES;
				GCC_WARN_64_TO_32_BIT_CONVERSION = YES;
				GCC_WARN_ABOUT_RETURN_TYPE = YES_ERROR;
				GCC_WARN_UNDECLARED_SELECTOR = YES;
				GCC_WARN_UNINITIALIZED_AUTOS = YES_AGGRESSIVE;
				GCC_WARN_UNUSED_FUNCTION = YES;
				GCC_WARN_UNUSED_VARIABLE = YES;
				MACOSX_DEPLOYMENT_TARGET = 10.10;
				MTL_ENABLE_DEBUG_INFO = NO;
				SDKROOT = macosx;
				VERSIONING_SYSTEM = "apple-generic";
				VERSION_INFO_PREFIX = "";
			};
			name = Release;
		};
		E78A83A81C332786009C2425 /* Debug */ = {
			isa = XCBuildConfiguration;
			buildSettings = {
				CLANG_ENABLE_MODULES = YES;
				COMBINE_HIDPI_IMAGES = YES;
				DEFINES_MODULE = YES;
				DYLIB_COMPATIBILITY_VERSION = 1;
				DYLIB_CURRENT_VERSION = 1;
				DYLIB_INSTALL_NAME_BASE = "@rpath";
				FRAMEWORK_VERSION = A;
				INFOPLIST_FILE = Monoid/Info.plist;
				INSTALL_PATH = "$(LOCAL_LIBRARY_DIR)/Frameworks";
				LD_RUNPATH_SEARCH_PATHS = "$(inherited) @executable_path/../Frameworks @loader_path/Frameworks";
				PRODUCT_BUNDLE_IDENTIFIER = com.alskipp.Monoid;
				PRODUCT_NAME = Monoid;
				SKIP_INSTALL = YES;
				SWIFT_OPTIMIZATION_LEVEL = "-Onone";
			};
			name = Debug;
		};
		E78A83A91C332786009C2425 /* Release */ = {
			isa = XCBuildConfiguration;
			buildSettings = {
				CLANG_ENABLE_MODULES = YES;
				COMBINE_HIDPI_IMAGES = YES;
				DEFINES_MODULE = YES;
				DYLIB_COMPATIBILITY_VERSION = 1;
				DYLIB_CURRENT_VERSION = 1;
				DYLIB_INSTALL_NAME_BASE = "@rpath";
				FRAMEWORK_VERSION = A;
				INFOPLIST_FILE = Monoid/Info.plist;
				INSTALL_PATH = "$(LOCAL_LIBRARY_DIR)/Frameworks";
				LD_RUNPATH_SEARCH_PATHS = "$(inherited) @executable_path/../Frameworks @loader_path/Frameworks";
				PRODUCT_BUNDLE_IDENTIFIER = com.alskipp.Monoid;
				PRODUCT_NAME = Monoid;
				SKIP_INSTALL = YES;
			};
			name = Release;
		};
		E78A83AB1C332786009C2425 /* Debug */ = {
			isa = XCBuildConfiguration;
			buildSettings = {
				COMBINE_HIDPI_IMAGES = YES;
				INFOPLIST_FILE = MonoidTests/Info.plist;
				LD_RUNPATH_SEARCH_PATHS = "$(inherited) @executable_path/../Frameworks @loader_path/../Frameworks";
				PRODUCT_BUNDLE_IDENTIFIER = com.alskipp.MonoidTests;
				PRODUCT_NAME = "$(TARGET_NAME)";
			};
			name = Debug;
		};
		E78A83AC1C332786009C2425 /* Release */ = {
			isa = XCBuildConfiguration;
			buildSettings = {
				COMBINE_HIDPI_IMAGES = YES;
				INFOPLIST_FILE = MonoidTests/Info.plist;
				LD_RUNPATH_SEARCH_PATHS = "$(inherited) @executable_path/../Frameworks @loader_path/../Frameworks";
				PRODUCT_BUNDLE_IDENTIFIER = com.alskipp.MonoidTests;
				PRODUCT_NAME = "$(TARGET_NAME)";
			};
			name = Release;
		};
/* End XCBuildConfiguration section */

/* Begin XCConfigurationList section */
		E7802D011C3FD96F00F747C3 /* Build configuration list for PBXNativeTarget "Monoid-iOS" */ = {
			isa = XCConfigurationList;
			buildConfigurations = (
				E7802D021C3FD96F00F747C3 /* Debug */,
				E7802D031C3FD96F00F747C3 /* Release */,
			);
			defaultConfigurationIsVisible = 0;
			defaultConfigurationName = Release;
		};
		E7802D281C3FDC5200F747C3 /* Build configuration list for PBXNativeTarget "MonoidTests-iOS" */ = {
			isa = XCConfigurationList;
			buildConfigurations = (
				E7802D291C3FDC5200F747C3 /* Debug */,
				E7802D2A1C3FDC5200F747C3 /* Release */,
			);
			defaultConfigurationIsVisible = 0;
		};
		E78A838D1C332786009C2425 /* Build configuration list for PBXProject "Monoid" */ = {
			isa = XCConfigurationList;
			buildConfigurations = (
				E78A83A51C332786009C2425 /* Debug */,
				E78A83A61C332786009C2425 /* Release */,
			);
			defaultConfigurationIsVisible = 0;
			defaultConfigurationName = Release;
		};
		E78A83A71C332786009C2425 /* Build configuration list for PBXNativeTarget "Monoid-Mac" */ = {
			isa = XCConfigurationList;
			buildConfigurations = (
				E78A83A81C332786009C2425 /* Debug */,
				E78A83A91C332786009C2425 /* Release */,
			);
			defaultConfigurationIsVisible = 0;
			defaultConfigurationName = Release;
		};
		E78A83AA1C332786009C2425 /* Build configuration list for PBXNativeTarget "MonoidTests-Mac" */ = {
			isa = XCConfigurationList;
			buildConfigurations = (
				E78A83AB1C332786009C2425 /* Debug */,
				E78A83AC1C332786009C2425 /* Release */,
			);
			defaultConfigurationIsVisible = 0;
			defaultConfigurationName = Release;
		};
/* End XCConfigurationList section */
	};
	rootObject = E78A838A1C332786009C2425 /* Project object */;
}
